
Microsoft Visual Studio Solution File, Format Version 12.00
# Visual Studio Version 16
VisualStudioVersion = 16.0.31424.327
MinimumVisualStudioVersion = 10.0.40219.1
Project("{FAE04EC0-301F-11D3-BF4B-00C04F79EFBC}") = "Jop Offers Website", "Jop Offers Website\Jop Offers Website.csproj", "{ADC68F3C-6A6D-4414-B258-28DECC045C4E}"
EndProject
Global
	GlobalSection(SolutionConfigurationPlatforms) = preSolution
		Debug|Any CPU = Debug|Any CPU
		Release|Any CPU = Release|Any CPU
	EndGlobalSection
	GlobalSection(ProjectConfigurationPlatforms) = postSolution
		{ADC68F3C-6A6D-4414-B258-28DECC045C4E}.Debug|Any CPU.ActiveCfg = Debug|Any CPU
		{ADC68F3C-6A6D-4414-B258-28DECC045C4E}.Debug|Any CPU.Build.0 = Debug|Any CPU
		{ADC68F3C-6A6D-4414-B258-28DECC045C4E}.Release|Any CPU.ActiveCfg = Release|Any CPU
		{ADC68F3C-6A6D-4414-B258-28DECC045C4E}.Release|Any CPU.Build.0 = Release|Any CPU
	EndGlobalSection
	GlobalSection(SolutionProperties) = preSolution
		HideSolutionNode = FALSE
	EndGlobalSection
	GlobalSection(ExtensibilityGlobals) = postSolution
		SolutionGuid = {B9DF88A4-19F3-4603-BCA8-FBD82F2788F3}
	EndGlobalSection
EndGlobal
